// !$*UTF8*$!
{
	archiveVersion = 1;
	classes = {
	};
	objectVersion = 46;
	objects = {

/* Begin PBXBuildFile section */
		508B71841BF48DD300272920 /* TableSectionBuilder.swift in Sources */ = {isa = PBXBuildFile; fileRef = 508B71831BF48DD300272920 /* TableSectionBuilder.swift */; };
		508B71861BF48E0D00272920 /* TableRowBuilder.swift in Sources */ = {isa = PBXBuildFile; fileRef = 508B71851BF48E0D00272920 /* TableRowBuilder.swift */; };
		DA1BCD0F1BF5472C00CC0479 /* TableDirector.swift in Sources */ = {isa = PBXBuildFile; fileRef = DA1BCD0E1BF5472C00CC0479 /* TableDirector.swift */; };
		DAB7EB2B1BEF787300D2AD5E /* AppDelegate.swift in Sources */ = {isa = PBXBuildFile; fileRef = DAB7EB2A1BEF787300D2AD5E /* AppDelegate.swift */; };
		DAB7EB2D1BEF787300D2AD5E /* ViewController.swift in Sources */ = {isa = PBXBuildFile; fileRef = DAB7EB2C1BEF787300D2AD5E /* ViewController.swift */; };
		DAB7EB301BEF787300D2AD5E /* Main.storyboard in Resources */ = {isa = PBXBuildFile; fileRef = DAB7EB2E1BEF787300D2AD5E /* Main.storyboard */; };
		DAB7EB321BEF787300D2AD5E /* Assets.xcassets in Resources */ = {isa = PBXBuildFile; fileRef = DAB7EB311BEF787300D2AD5E /* Assets.xcassets */; };
		DAB7EB351BEF787300D2AD5E /* LaunchScreen.storyboard in Resources */ = {isa = PBXBuildFile; fileRef = DAB7EB331BEF787300D2AD5E /* LaunchScreen.storyboard */; };
		DAB7EB3E1BEF78A400D2AD5E /* Tablet.swift in Sources */ = {isa = PBXBuildFile; fileRef = DAB7EB3D1BEF78A400D2AD5E /* Tablet.swift */; };
		DAB7EB401BEFD07E00D2AD5E /* ConfigurableTableViewCell.swift in Sources */ = {isa = PBXBuildFile; fileRef = DAB7EB3F1BEFD07E00D2AD5E /* ConfigurableTableViewCell.swift */; };
/* End PBXBuildFile section */

/* Begin PBXFileReference section */
		508B71831BF48DD300272920 /* TableSectionBuilder.swift */ = {isa = PBXFileReference; fileEncoding = 4; lastKnownFileType = sourcecode.swift; path = TableSectionBuilder.swift; sourceTree = "<group>"; };
		508B71851BF48E0D00272920 /* TableRowBuilder.swift */ = {isa = PBXFileReference; fileEncoding = 4; lastKnownFileType = sourcecode.swift; path = TableRowBuilder.swift; sourceTree = "<group>"; };
		DA1BCD0E1BF5472C00CC0479 /* TableDirector.swift */ = {isa = PBXFileReference; fileEncoding = 4; lastKnownFileType = sourcecode.swift; path = TableDirector.swift; sourceTree = "<group>"; };
		DAB7EB271BEF787300D2AD5E /* TabletDemo.app */ = {isa = PBXFileReference; explicitFileType = wrapper.application; includeInIndex = 0; path = TabletDemo.app; sourceTree = BUILT_PRODUCTS_DIR; };
		DAB7EB2A1BEF787300D2AD5E /* AppDelegate.swift */ = {isa = PBXFileReference; lastKnownFileType = sourcecode.swift; path = AppDelegate.swift; sourceTree = "<group>"; };
		DAB7EB2C1BEF787300D2AD5E /* ViewController.swift */ = {isa = PBXFileReference; lastKnownFileType = sourcecode.swift; path = ViewController.swift; sourceTree = "<group>"; };
		DAB7EB2F1BEF787300D2AD5E /* Base */ = {isa = PBXFileReference; lastKnownFileType = file.storyboard; name = Base; path = Base.lproj/Main.storyboard; sourceTree = "<group>"; };
		DAB7EB311BEF787300D2AD5E /* Assets.xcassets */ = {isa = PBXFileReference; lastKnownFileType = folder.assetcatalog; path = Assets.xcassets; sourceTree = "<group>"; };
		DAB7EB341BEF787300D2AD5E /* Base */ = {isa = PBXFileReference; lastKnownFileType = file.storyboard; name = Base; path = Base.lproj/LaunchScreen.storyboard; sourceTree = "<group>"; };
		DAB7EB361BEF787300D2AD5E /* Info.plist */ = {isa = PBXFileReference; lastKnownFileType = text.plist.xml; path = Info.plist; sourceTree = "<group>"; };
		DAB7EB3D1BEF78A400D2AD5E /* Tablet.swift */ = {isa = PBXFileReference; fileEncoding = 4; lastKnownFileType = sourcecode.swift; path = Tablet.swift; sourceTree = "<group>"; };
		DAB7EB3F1BEFD07E00D2AD5E /* ConfigurableTableViewCell.swift */ = {isa = PBXFileReference; fileEncoding = 4; lastKnownFileType = sourcecode.swift; path = ConfigurableTableViewCell.swift; sourceTree = "<group>"; };
/* End PBXFileReference section */

/* Begin PBXFrameworksBuildPhase section */
		DAB7EB241BEF787300D2AD5E /* Frameworks */ = {
			isa = PBXFrameworksBuildPhase;
			buildActionMask = 2147483647;
			files = (
			);
			runOnlyForDeploymentPostprocessing = 0;
		};
/* End PBXFrameworksBuildPhase section */

/* Begin PBXGroup section */
		DAB7EB1E1BEF787300D2AD5E = {
			isa = PBXGroup;
			children = (
				DAB7EB3C1BEF789500D2AD5E /* Tablet */,
				DAB7EB291BEF787300D2AD5E /* TabletDemo */,
				DAB7EB281BEF787300D2AD5E /* Products */,
			);
			sourceTree = "<group>";
		};
		DAB7EB281BEF787300D2AD5E /* Products */ = {
			isa = PBXGroup;
			children = (
				DAB7EB271BEF787300D2AD5E /* TabletDemo.app */,
			);
			name = Products;
			sourceTree = "<group>";
		};
		DAB7EB291BEF787300D2AD5E /* TabletDemo */ = {
			isa = PBXGroup;
			children = (
				DAB7EB2A1BEF787300D2AD5E /* AppDelegate.swift */,
				DAB7EB2C1BEF787300D2AD5E /* ViewController.swift */,
				DAB7EB3F1BEFD07E00D2AD5E /* ConfigurableTableViewCell.swift */,
				DAB7EB2E1BEF787300D2AD5E /* Main.storyboard */,
				DAB7EB311BEF787300D2AD5E /* Assets.xcassets */,
				DAB7EB331BEF787300D2AD5E /* LaunchScreen.storyboard */,
				DAB7EB361BEF787300D2AD5E /* Info.plist */,
			);
			path = TabletDemo;
			sourceTree = "<group>";
		};
		DAB7EB3C1BEF789500D2AD5E /* Tablet */ = {
			isa = PBXGroup;
			children = (
				DAB7EB3D1BEF78A400D2AD5E /* Tablet.swift */,
				DA1BCD0E1BF5472C00CC0479 /* TableDirector.swift */,
				508B71851BF48E0D00272920 /* TableRowBuilder.swift */,
				508B71831BF48DD300272920 /* TableSectionBuilder.swift */,
			);
			name = Tablet;
			path = ../Tablet;
			sourceTree = "<group>";
		};
/* End PBXGroup section */

/* Begin PBXNativeTarget section */
		DAB7EB261BEF787300D2AD5E /* TabletDemo */ = {
			isa = PBXNativeTarget;
			buildConfigurationList = DAB7EB391BEF787300D2AD5E /* Build configuration list for PBXNativeTarget "TabletDemo" */;
			buildPhases = (
				DAB7EB231BEF787300D2AD5E /* Sources */,
				DAB7EB241BEF787300D2AD5E /* Frameworks */,
				DAB7EB251BEF787300D2AD5E /* Resources */,
			);
			buildRules = (
			);
			dependencies = (
			);
			name = TabletDemo;
			productName = TabletDemo;
			productReference = DAB7EB271BEF787300D2AD5E /* TabletDemo.app */;
			productType = "com.apple.product-type.application";
		};
/* End PBXNativeTarget section */

/* Begin PBXProject section */
		DAB7EB1F1BEF787300D2AD5E /* Project object */ = {
			isa = PBXProject;
			attributes = {
				LastUpgradeCheck = 0700;
				ORGANIZATIONNAME = Tablet;
				TargetAttributes = {
					DAB7EB261BEF787300D2AD5E = {
						CreatedOnToolsVersion = 7.0.1;
					};
				};
			};
			buildConfigurationList = DAB7EB221BEF787300D2AD5E /* Build configuration list for PBXProject "TabletDemo" */;
			compatibilityVersion = "Xcode 3.2";
			developmentRegion = English;
			hasScannedForEncodings = 0;
			knownRegions = (
				en,
				Base,
			);
			mainGroup = DAB7EB1E1BEF787300D2AD5E;
			productRefGroup = DAB7EB281BEF787300D2AD5E /* Products */;
			projectDirPath = "";
			projectRoot = "";
			targets = (
				DAB7EB261BEF787300D2AD5E /* TabletDemo */,
			);
		};
/* End PBXProject section */

/* Begin PBXResourcesBuildPhase section */
		DAB7EB251BEF787300D2AD5E /* Resources */ = {
			isa = PBXResourcesBuildPhase;
			buildActionMask = 2147483647;
			files = (
				DAB7EB351BEF787300D2AD5E /* LaunchScreen.storyboard in Resources */,
				DAB7EB321BEF787300D2AD5E /* Assets.xcassets in Resources */,
				DAB7EB301BEF787300D2AD5E /* Main.storyboard in Resources */,
			);
			runOnlyForDeploymentPostprocessing = 0;
		};
/* End PBXResourcesBuildPhase section */

/* Begin PBXSourcesBuildPhase section */
		DAB7EB231BEF787300D2AD5E /* Sources */ = {
			isa = PBXSourcesBuildPhase;
			buildActionMask = 2147483647;
			files = (
				508B71841BF48DD300272920 /* TableSectionBuilder.swift in Sources */,
				DAB7EB2D1BEF787300D2AD5E /* ViewController.swift in Sources */,
				DAB7EB3E1BEF78A400D2AD5E /* Tablet.swift in Sources */,
				508B71861BF48E0D00272920 /* TableRowBuilder.swift in Sources */,
				DA1BCD0F1BF5472C00CC0479 /* TableDirector.swift in Sources */,
				DAB7EB401BEFD07E00D2AD5E /* ConfigurableTableViewCell.swift in Sources */,
				DAB7EB2B1BEF787300D2AD5E /* AppDelegate.swift in Sources */,
			);
			runOnlyForDeploymentPostprocessing = 0;
		};
/* End PBXSourcesBuildPhase section */

/* Begin PBXVariantGroup section */
		DAB7EB2E1BEF787300D2AD5E /* Main.storyboard */ = {
			isa = PBXVariantGroup;
			children = (
				DAB7EB2F1BEF787300D2AD5E /* Base */,
			);
			name = Main.storyboard;
			sourceTree = "<group>";
		};
		DAB7EB331BEF787300D2AD5E /* LaunchScreen.storyboard */ = {
			isa = PBXVariantGroup;
			children = (
				DAB7EB341BEF787300D2AD5E /* Base */,
			);
			name = LaunchScreen.storyboard;
			sourceTree = "<group>";
		};
/* End PBXVariantGroup section */

/* Begin XCBuildConfiguration section */
		DAB7EB371BEF787300D2AD5E /* Debug */ = {
			isa = XCBuildConfiguration;
			buildSettings = {
				ALWAYS_SEARCH_USER_PATHS = NO;
				CLANG_CXX_LANGUAGE_STANDARD = "gnu++0x";
				CLANG_CXX_LIBRARY = "libc++";
				CLANG_ENABLE_MODULES = YES;
				CLANG_ENABLE_OBJC_ARC = YES;
				CLANG_WARN_BOOL_CONVERSION = YES;
				CLANG_WARN_CONSTANT_CONVERSION = YES;
				CLANG_WARN_DIRECT_OBJC_ISA_USAGE = YES_ERROR;
				CLANG_WARN_EMPTY_BODY = YES;
				CLANG_WARN_ENUM_CONVERSION = YES;
				CLANG_WARN_INT_CONVERSION = YES;
				CLANG_WARN_OBJC_ROOT_CLASS = YES_ERROR;
				CLANG_WARN_UNREACHABLE_CODE = YES;
				CLANG_WARN__DUPLICATE_METHOD_MATCH = YES;
				"CODE_SIGN_IDENTITY[sdk=iphoneos*]" = "iPhone Developer";
				COPY_PHASE_STRIP = NO;
				DEBUG_INFORMATION_FORMAT = dwarf;
				ENABLE_STRICT_OBJC_MSGSEND = YES;
				ENABLE_TESTABILITY = YES;
				GCC_C_LANGUAGE_STANDARD = gnu99;
				GCC_DYNAMIC_NO_PIC = NO;
				GCC_NO_COMMON_BLOCKS = YES;
				GCC_OPTIMIZATION_LEVEL = 0;
				GCC_PREPROCESSOR_DEFINITIONS = (
					"DEBUG=1",
					"$(inherited)",
				);
				GCC_WARN_64_TO_32_BIT_CONVERSION = YES;
				GCC_WARN_ABOUT_RETURN_TYPE = YES_ERROR;
				GCC_WARN_UNDECLARED_SELECTOR = YES;
				GCC_WARN_UNINITIALIZED_AUTOS = YES_AGGRESSIVE;
				GCC_WARN_UNUSED_FUNCTION = YES;
				GCC_WARN_UNUSED_VARIABLE = YES;
				IPHONEOS_DEPLOYMENT_TARGET = 8.0;
				MTL_ENABLE_DEBUG_INFO = YES;
				ONLY_ACTIVE_ARCH = YES;
				SDKROOT = iphoneos;
				SWIFT_OPTIMIZATION_LEVEL = "-Onone";
			};
			name = Debug;
		};
		DAB7EB381BEF787300D2AD5E /* Release */ = {
			isa = XCBuildConfiguration;
			buildSettings = {
				ALWAYS_SEARCH_USER_PATHS = NO;
				CLANG_CXX_LANGUAGE_STANDARD = "gnu++0x";
				CLANG_CXX_LIBRARY = "libc++";
				CLANG_ENABLE_MODULES = YES;
				CLANG_ENABLE_OBJC_ARC = YES;
				CLANG_WARN_BOOL_CONVERSION = YES;
				CLANG_WARN_CONSTANT_CONVERSION = YES;
				CLANG_WARN_DIRECT_OBJC_ISA_USAGE = YES_ERROR;
				CLANG_WARN_EMPTY_BODY = YES;
				CLANG_WARN_ENUM_CONVERSION = YES;
				CLANG_WARN_INT_CONVERSION = YES;
				CLANG_WARN_OBJC_ROOT_CLASS = YES_ERROR;
				CLANG_WARN_UNREACHABLE_CODE = YES;
				CLANG_WARN__DUPLICATE_METHOD_MATCH = YES;
				"CODE_SIGN_IDENTITY[sdk=iphoneos*]" = "iPhone Developer";
				COPY_PHASE_STRIP = NO;
				DEBUG_INFORMATION_FORMAT = "dwarf-with-dsym";
				ENABLE_NS_ASSERTIONS = NO;
				ENABLE_STRICT_OBJC_MSGSEND = YES;
				GCC_C_LANGUAGE_STANDARD = gnu99;
				GCC_NO_COMMON_BLOCKS = YES;
				GCC_WARN_64_TO_32_BIT_CONVERSION = YES;
				GCC_WARN_ABOUT_RETURN_TYPE = YES_ERROR;
				GCC_WARN_UNDECLARED_SELECTOR = YES;
				GCC_WARN_UNINITIALIZED_AUTOS = YES_AGGRESSIVE;
				GCC_WARN_UNUSED_FUNCTION = YES;
				GCC_WARN_UNUSED_VARIABLE = YES;
				IPHONEOS_DEPLOYMENT_TARGET = 8.0;
				MTL_ENABLE_DEBUG_INFO = NO;
				SDKROOT = iphoneos;
				VALIDATE_PRODUCT = YES;
			};
			name = Release;
		};
		DAB7EB3A1BEF787300D2AD5E /* Debug */ = {
			isa = XCBuildConfiguration;
			buildSettings = {
				ASSETCATALOG_COMPILER_APPICON_NAME = AppIcon;
				INFOPLIST_FILE = TabletDemo/Info.plist;
				IPHONEOS_DEPLOYMENT_TARGET = 8.0;
				LD_RUNPATH_SEARCH_PATHS = "$(inherited) @executable_path/Frameworks";
				PRODUCT_BUNDLE_IDENTIFIER = com.tablet.TabletDemo;
				PRODUCT_NAME = "$(TARGET_NAME)";
			};
			name = Debug;
		};
		DAB7EB3B1BEF787300D2AD5E /* Release */ = {
			isa = XCBuildConfiguration;
			buildSettings = {
				ASSETCATALOG_COMPILER_APPICON_NAME = AppIcon;
				INFOPLIST_FILE = TabletDemo/Info.plist;
				IPHONEOS_DEPLOYMENT_TARGET = 8.0;
				LD_RUNPATH_SEARCH_PATHS = "$(inherited) @executable_path/Frameworks";
				PRODUCT_BUNDLE_IDENTIFIER = com.tablet.TabletDemo;
				PRODUCT_NAME = "$(TARGET_NAME)";
			};
			name = Release;
		};
/* End XCBuildConfiguration section */

/* Begin XCConfigurationList section */
		DAB7EB221BEF787300D2AD5E /* Build configuration list for PBXProject "TabletDemo" */ = {
			isa = XCConfigurationList;
			buildConfigurations = (
				DAB7EB371BEF787300D2AD5E /* Debug */,
				DAB7EB381BEF787300D2AD5E /* Release */,
			);
			defaultConfigurationIsVisible = 0;
			defaultConfigurationName = Release;
		};
		DAB7EB391BEF787300D2AD5E /* Build configuration list for PBXNativeTarget "TabletDemo" */ = {
			isa = XCConfigurationList;
			buildConfigurations = (
				DAB7EB3A1BEF787300D2AD5E /* Debug */,
				DAB7EB3B1BEF787300D2AD5E /* Release */,
			);
			defaultConfigurationIsVisible = 0;
			defaultConfigurationName = Release;
		};
/* End XCConfigurationList section */
	};
	rootObject = DAB7EB1F1BEF787300D2AD5E /* Project object */;
}
